
Microsoft Visual Studio Solution File, Format Version 12.00
# Visual Studio Version 16
VisualStudioVersion = 16.0.31729.503
MinimumVisualStudioVersion = 10.0.40219.1
Project("{FAE04EC0-301F-11D3-BF4B-00C04F79EFBC}") = "calculator.21.12.unit", "calculator.21.12.unit\calculator.21.12.unit.csproj", "{02221614-55D9-4DDC-BD74-0F74E72FE395}"
EndProject
Project("{FAE04EC0-301F-11D3-BF4B-00C04F79EFBC}") = "test.calculat", "test.calculat\test.calculat.csproj", "{C2CDBF5A-643C-4104-ACEA-A48639064B74}"
EndProject
Global
	GlobalSection(SolutionConfigurationPlatforms) = preSolution
		Debug|Any CPU = Debug|Any CPU
		Release|Any CPU = Release|Any CPU
	EndGlobalSection
	GlobalSection(ProjectConfigurationPlatforms) = postSolution
		{02221614-55D9-4DDC-BD74-0F74E72FE395}.Debug|Any CPU.ActiveCfg = Debug|Any CPU
		{02221614-55D9-4DDC-BD74-0F74E72FE395}.Debug|Any CPU.Build.0 = Debug|Any CPU
		{02221614-55D9-4DDC-BD74-0F74E72FE395}.Release|Any CPU.ActiveCfg = Release|Any CPU
		{02221614-55D9-4DDC-BD74-0F74E72FE395}.Release|Any CPU.Build.0 = Release|Any CPU
		{C2CDBF5A-643C-4104-ACEA-A48639064B74}.Debug|Any CPU.ActiveCfg = Debug|Any CPU
		{C2CDBF5A-643C-4104-ACEA-A48639064B74}.Debug|Any CPU.Build.0 = Debug|Any CPU
		{C2CDBF5A-643C-4104-ACEA-A48639064B74}.Release|Any CPU.ActiveCfg = Release|Any CPU
		{C2CDBF5A-643C-4104-ACEA-A48639064B74}.Release|Any CPU.Build.0 = Release|Any CPU
	EndGlobalSection
	GlobalSection(SolutionProperties) = preSolution
		HideSolutionNode = FALSE
	EndGlobalSection
	GlobalSection(ExtensibilityGlobals) = postSolution
		SolutionGuid = {23F6C457-BA6D-441A-AB0F-100AD67A73FF}
	EndGlobalSection
EndGlobal
